
Microsoft Visual Studio Solution File, Format Version 12.00
# Visual Studio Version 16
VisualStudioVersion = 16.0.29326.143
MinimumVisualStudioVersion = 10.0.40219.1
Project("{9A19103F-16F7-4668-BE54-9A1E7A4F7556}") = "Vue_perso", "Vue_perso\Vue_perso.csproj", "{6B1B50A0-A701-4D7E-9AF1-99BC049978BF}"
EndProject
Project("{2150E333-8FDC-42A3-9474-1A3956D46DE8}") = "Tests", "Tests", "{3AA2F52F-D0D7-426E-961E-58E227165094}"
EndProject
Project("{9A19103F-16F7-4668-BE54-9A1E7A4F7556}") = "Test_JeuVideo", "Test_JeuVideo\Test_JeuVideo.csproj", "{01D63B9E-E576-4509-BEB4-FF6655DF9AB5}"
EndProject
Project("{9A19103F-16F7-4668-BE54-9A1E7A4F7556}") = "Test_Personnage", "Test_Personnage\Test_Personnage.csproj", "{966CFF94-D0DC-42A6-9E4A-37B7CFFA577F}"
EndProject
Project("{9A19103F-16F7-4668-BE54-9A1E7A4F7556}") = "Data", "Data\Data.csproj", "{7BD3604C-FC6F-4DC8-8581-73A353398E74}"
EndProject
Project("{9A19103F-16F7-4668-BE54-9A1E7A4F7556}") = "UnitTests", "UnitTests\UnitTests.csproj", "{F2F0B140-F44B-4E22-BB2F-2652AD629C3E}"
EndProject
Project("{9A19103F-16F7-4668-BE54-9A1E7A4F7556}") = "Modele", "Modele\Modele.csproj", "{58E95259-32F2-460D-8B04-46B8B3661D58}"
EndProject
Project("{9A19103F-16F7-4668-BE54-9A1E7A4F7556}") = "Tests_Series_et_Groupes", "Tests\Tests_Series_et_Groupes\Tests_Series_et_Groupes.csproj", "{63F4EC88-4DD5-4D5B-85F1-DD640DC288FA}"
EndProject
Project("{9A19103F-16F7-4668-BE54-9A1E7A4F7556}") = "Bibliothèques_Images", "Bibliothèques_Images\Bibliothèques_Images.csproj", "{9E1CED05-EEB7-424E-A90F-FEEDA44FF0EF}"
EndProject
Project("{2150E333-8FDC-42A3-9474-1A3956D46DE8}") = "Data1", "Data1", "{5D64501E-00A4-4102-8088-938BDA0BA8F9}"
EndProject
Project("{FAE04EC0-301F-11D3-BF4B-00C04F79EFBC}") = "DataContractPersistance", "DataContractPersistance\DataContractPersistance.csproj", "{DAB98A26-98F7-464E-BC3D-4BB1634025E4}"
EndProject
Global
	GlobalSection(SolutionConfigurationPlatforms) = preSolution
		Debug|Any CPU = Debug|Any CPU
		Release|Any CPU = Release|Any CPU
	EndGlobalSection
	GlobalSection(ProjectConfigurationPlatforms) = postSolution
		{6B1B50A0-A701-4D7E-9AF1-99BC049978BF}.Debug|Any CPU.ActiveCfg = Debug|Any CPU
		{6B1B50A0-A701-4D7E-9AF1-99BC049978BF}.Debug|Any CPU.Build.0 = Debug|Any CPU
		{6B1B50A0-A701-4D7E-9AF1-99BC049978BF}.Release|Any CPU.ActiveCfg = Release|Any CPU
		{6B1B50A0-A701-4D7E-9AF1-99BC049978BF}.Release|Any CPU.Build.0 = Release|Any CPU
		{01D63B9E-E576-4509-BEB4-FF6655DF9AB5}.Debug|Any CPU.ActiveCfg = Debug|Any CPU
		{01D63B9E-E576-4509-BEB4-FF6655DF9AB5}.Debug|Any CPU.Build.0 = Debug|Any CPU
		{01D63B9E-E576-4509-BEB4-FF6655DF9AB5}.Release|Any CPU.ActiveCfg = Release|Any CPU
		{01D63B9E-E576-4509-BEB4-FF6655DF9AB5}.Release|Any CPU.Build.0 = Release|Any CPU
		{966CFF94-D0DC-42A6-9E4A-37B7CFFA577F}.Debug|Any CPU.ActiveCfg = Debug|Any CPU
		{966CFF94-D0DC-42A6-9E4A-37B7CFFA577F}.Debug|Any CPU.Build.0 = Debug|Any CPU
		{966CFF94-D0DC-42A6-9E4A-37B7CFFA577F}.Release|Any CPU.ActiveCfg = Release|Any CPU
		{966CFF94-D0DC-42A6-9E4A-37B7CFFA577F}.Release|Any CPU.Build.0 = Release|Any CPU
		{7BD3604C-FC6F-4DC8-8581-73A353398E74}.Debug|Any CPU.ActiveCfg = Debug|Any CPU
		{7BD3604C-FC6F-4DC8-8581-73A353398E74}.Debug|Any CPU.Build.0 = Debug|Any CPU
		{7BD3604C-FC6F-4DC8-8581-73A353398E74}.Release|Any CPU.ActiveCfg = Release|Any CPU
		{7BD3604C-FC6F-4DC8-8581-73A353398E74}.Release|Any CPU.Build.0 = Release|Any CPU
		{F2F0B140-F44B-4E22-BB2F-2652AD629C3E}.Debug|Any CPU.ActiveCfg = Debug|Any CPU
		{F2F0B140-F44B-4E22-BB2F-2652AD629C3E}.Debug|Any CPU.Build.0 = Debug|Any CPU
		{F2F0B140-F44B-4E22-BB2F-2652AD629C3E}.Release|Any CPU.ActiveCfg = Release|Any CPU
		{F2F0B140-F44B-4E22-BB2F-2652AD629C3E}.Release|Any CPU.Build.0 = Release|Any CPU
		{58E95259-32F2-460D-8B04-46B8B3661D58}.Debug|Any CPU.ActiveCfg = Debug|Any CPU
		{58E95259-32F2-460D-8B04-46B8B3661D58}.Debug|Any CPU.Build.0 = Debug|Any CPU
		{58E95259-32F2-460D-8B04-46B8B3661D58}.Release|Any CPU.ActiveCfg = Release|Any CPU
		{58E95259-32F2-460D-8B04-46B8B3661D58}.Release|Any CPU.Build.0 = Release|Any CPU
		{63F4EC88-4DD5-4D5B-85F1-DD640DC288FA}.Debug|Any CPU.ActiveCfg = Debug|Any CPU
		{63F4EC88-4DD5-4D5B-85F1-DD640DC288FA}.Debug|Any CPU.Build.0 = Debug|Any CPU
		{63F4EC88-4DD5-4D5B-85F1-DD640DC288FA}.Release|Any CPU.ActiveCfg = Release|Any CPU
		{63F4EC88-4DD5-4D5B-85F1-DD640DC288FA}.Release|Any CPU.Build.0 = Release|Any CPU
		{9E1CED05-EEB7-424E-A90F-FEEDA44FF0EF}.Debug|Any CPU.ActiveCfg = Debug|Any CPU
		{9E1CED05-EEB7-424E-A90F-FEEDA44FF0EF}.Debug|Any CPU.Build.0 = Debug|Any CPU
		{9E1CED05-EEB7-424E-A90F-FEEDA44FF0EF}.Release|Any CPU.ActiveCfg = Release|Any CPU
		{9E1CED05-EEB7-424E-A90F-FEEDA44FF0EF}.Release|Any CPU.Build.0 = Release|Any CPU
		{DAB98A26-98F7-464E-BC3D-4BB1634025E4}.Debug|Any CPU.ActiveCfg = Debug|Any CPU
		{DAB98A26-98F7-464E-BC3D-4BB1634025E4}.Debug|Any CPU.Build.0 = Debug|Any CPU
		{DAB98A26-98F7-464E-BC3D-4BB1634025E4}.Release|Any CPU.ActiveCfg = Release|Any CPU
		{DAB98A26-98F7-464E-BC3D-4BB1634025E4}.Release|Any CPU.Build.0 = Release|Any CPU
	EndGlobalSection
	GlobalSection(SolutionProperties) = preSolution
		HideSolutionNode = FALSE
	EndGlobalSection
	GlobalSection(NestedProjects) = preSolution
		{01D63B9E-E576-4509-BEB4-FF6655DF9AB5} = {3AA2F52F-D0D7-426E-961E-58E227165094}
		{966CFF94-D0DC-42A6-9E4A-37B7CFFA577F} = {3AA2F52F-D0D7-426E-961E-58E227165094}
		{F2F0B140-F44B-4E22-BB2F-2652AD629C3E} = {3AA2F52F-D0D7-426E-961E-58E227165094}
		{63F4EC88-4DD5-4D5B-85F1-DD640DC288FA} = {3AA2F52F-D0D7-426E-961E-58E227165094}
		{DAB98A26-98F7-464E-BC3D-4BB1634025E4} = {5D64501E-00A4-4102-8088-938BDA0BA8F9}
	EndGlobalSection
	GlobalSection(ExtensibilityGlobals) = postSolution
		SolutionGuid = {07DDD28D-196B-44EE-9D07-677981CE4272}
	EndGlobalSection
EndGlobal
