
Microsoft Visual Studio Solution File, Format Version 12.00
# Visual Studio Version 16
VisualStudioVersion = 16.0.29326.143
MinimumVisualStudioVersion = 10.0.40219.1
Project("{9A19103F-16F7-4668-BE54-9A1E7A4F7556}") = "Vue_perso", "Vue_perso\Vue_perso.csproj", "{6B1B50A0-A701-4D7E-9AF1-99BC049978BF}"
EndProject
Project("{FAE04EC0-301F-11D3-BF4B-00C04F79EFBC}") = "Classes", "Classes\Classes.csproj", "{90940C76-28EE-4A57-9A21-65C77542105C}"
EndProject
Global
	GlobalSection(SolutionConfigurationPlatforms) = preSolution
		Debug|Any CPU = Debug|Any CPU
		Release|Any CPU = Release|Any CPU
	EndGlobalSection
	GlobalSection(ProjectConfigurationPlatforms) = postSolution
		{6B1B50A0-A701-4D7E-9AF1-99BC049978BF}.Debug|Any CPU.ActiveCfg = Debug|Any CPU
		{6B1B50A0-A701-4D7E-9AF1-99BC049978BF}.Debug|Any CPU.Build.0 = Debug|Any CPU
		{6B1B50A0-A701-4D7E-9AF1-99BC049978BF}.Release|Any CPU.ActiveCfg = Release|Any CPU
		{6B1B50A0-A701-4D7E-9AF1-99BC049978BF}.Release|Any CPU.Build.0 = Release|Any CPU
		{90940C76-28EE-4A57-9A21-65C77542105C}.Debug|Any CPU.ActiveCfg = Debug|Any CPU
		{90940C76-28EE-4A57-9A21-65C77542105C}.Debug|Any CPU.Build.0 = Debug|Any CPU
		{90940C76-28EE-4A57-9A21-65C77542105C}.Release|Any CPU.ActiveCfg = Release|Any CPU
		{90940C76-28EE-4A57-9A21-65C77542105C}.Release|Any CPU.Build.0 = Release|Any CPU
	EndGlobalSection
	GlobalSection(SolutionProperties) = preSolution
		HideSolutionNode = FALSE
	EndGlobalSection
	GlobalSection(ExtensibilityGlobals) = postSolution
		SolutionGuid = {07DDD28D-196B-44EE-9D07-677981CE4272}
	EndGlobalSection
EndGlobal
